PODS:
  - Alamofire (4.4.0)
  - DateToolsSwift (2.0.1)
  - Reveal-SDK (7)
  - RxCocoa (3.2.0):
    - RxSwift (~> 3.1)
  - RxDataSources (1.0.3):
    - RxCocoa (~> 3.0)
    - RxSwift (~> 3.0)
  - RxSwift (3.2.0)
  - RxSwiftUtilities (1.0.1):
    - RxCocoa (~> 3.0)
    - RxSwift (~> 3.0)
  - SnapKit (3.2.0)

DEPENDENCIES:
  - Alamofire (~> 4.4)
  - DateToolsSwift
  - Reveal-SDK
  - RxCocoa (~> 3.0)
  - RxDataSources (~> 1.0.3)
  - RxSwift (~> 3.0)
  - RxSwiftUtilities (from `https://github.com/RxSwiftCommunity/RxSwiftUtilities.git`)
  - SnapKit (~> 3.2.0)

EXTERNAL SOURCES:
  RxSwiftUtilities:
    :git: https://github.com/RxSwiftCommunity/RxSwiftUtilities.git

CHECKOUT OPTIONS:
  RxSwiftUtilities:
    :commit: 9641e007c3ae067889bc6dc8830f3a4112ce0c10
    :git: https://github.com/RxSwiftCommunity/RxSwiftUtilities.git

SPEC CHECKSUMS:
  Alamofire: dc44b1600b800eb63da6a19039a0083d62a6a62d
  DateToolsSwift: d6bdef0956bf88e7d27414d24278f5b392b47a5d
  Reveal-SDK: 564657bc66c93d2718b1c0121cdebe99d354ddab
  RxCocoa: ccdf43101a70407097a29082f648ba1676075b30
  RxDataSources: a021a0e944ba5f7991259829d973afdbfa719c0b
  RxSwift: 46574f70d416b7923c237195939cc488a7fbf3a0
  RxSwiftUtilities: 2614ffe05d2da158f79f50314a08122d13ac61d4
  SnapKit: 1ca44df72cfa543218d177cb8aab029d10d86ea7

PODFILE CHECKSUM: 5c6984e30cad2f2987a09af44d958e596f75754c

COCOAPODS: 1.2.0
